
Microsoft Visual Studio Solution File, Format Version 12.00
# Visual Studio 15
VisualStudioVersion = 15.0.28010.2036
MinimumVisualStudioVersion = 10.0.40219.1
Project("{FAE04EC0-301F-11D3-BF4B-00C04F79EFBC}") = "NearestNeighbourTSP", "NearestNeighbourTSP\NearestNeighbourTSP.csproj", "{DB46DDE8-A1C2-4336-B693-C83112798383}"
EndProject
Global
	GlobalSection(SolutionConfigurationPlatforms) = preSolution
		Debug|Any CPU = Debug|Any CPU
		Release|Any CPU = Release|Any CPU
	EndGlobalSection
	GlobalSection(ProjectConfigurationPlatforms) = postSolution
		{DB46DDE8-A1C2-4336-B693-C83112798383}.Debug|Any CPU.ActiveCfg = Debug|Any CPU
		{DB46DDE8-A1C2-4336-B693-C83112798383}.Debug|Any CPU.Build.0 = Debug|Any CPU
		{DB46DDE8-A1C2-4336-B693-C83112798383}.Release|Any CPU.ActiveCfg = Release|Any CPU
		{DB46DDE8-A1C2-4336-B693-C83112798383}.Release|Any CPU.Build.0 = Release|Any CPU
	EndGlobalSection
	GlobalSection(SolutionProperties) = preSolution
		HideSolutionNode = FALSE
	EndGlobalSection
	GlobalSection(ExtensibilityGlobals) = postSolution
		SolutionGuid = {40D08CBF-9E83-4760-BBBA-0F324D23E2A8}
	EndGlobalSection
EndGlobal
